
Microsoft Visual Studio Solution File, Format Version 12.00
# Visual Studio Version 16
VisualStudioVersion = 16.0.31911.196
MinimumVisualStudioVersion = 10.0.40219.1
Project("{E24C65DC-7377-472B-9ABA-BC803B73C61A}") = "EAP1", "EAP1\", "{49A17F90-BC54-42D0-AAD4-9690698E1599}"
	ProjectSection(WebsiteProperties) = preProject
		TargetFrameworkMoniker = ".NETFramework,Version%3Dv4.7.2"
		Debug.AspNetCompiler.VirtualPath = "/localhost_58303"
		Debug.AspNetCompiler.PhysicalPath = "EAP1\"
		Debug.AspNetCompiler.TargetPath = "PrecompiledWeb\localhost_58303\"
		Debug.AspNetCompiler.Updateable = "true"
		Debug.AspNetCompiler.ForceOverwrite = "true"
		Debug.AspNetCompiler.FixedNames = "false"
		Debug.AspNetCompiler.Debug = "True"
		Release.AspNetCompiler.VirtualPath = "/localhost_58303"
		Release.AspNetCompiler.PhysicalPath = "EAP1\"
		Release.AspNetCompiler.TargetPath = "PrecompiledWeb\localhost_58303\"
		Release.AspNetCompiler.Updateable = "true"
		Release.AspNetCompiler.ForceOverwrite = "true"
		Release.AspNetCompiler.FixedNames = "false"
		Release.AspNetCompiler.Debug = "False"
		VWDPort = "58303"
		SlnRelativePath = "EAP1\"
		DefaultWebSiteLanguage = "Visual C#"
	EndProjectSection
EndProject
Global
	GlobalSection(SolutionConfigurationPlatforms) = preSolution
		Debug|Any CPU = Debug|Any CPU
	EndGlobalSection
	GlobalSection(ProjectConfigurationPlatforms) = postSolution
		{49A17F90-BC54-42D0-AAD4-9690698E1599}.Debug|Any CPU.ActiveCfg = Debug|Any CPU
		{49A17F90-BC54-42D0-AAD4-9690698E1599}.Debug|Any CPU.Build.0 = Debug|Any CPU
	EndGlobalSection
	GlobalSection(SolutionProperties) = preSolution
		HideSolutionNode = FALSE
	EndGlobalSection
	GlobalSection(ExtensibilityGlobals) = postSolution
		SolutionGuid = {4BA1567C-606B-4829-90B8-DB948E9E44D5}
	EndGlobalSection
EndGlobal
